{
    "_meta": {
        "hash": {
            "sha256": "33e953c54adb1cc59425eaaf295fc03e786d0174c50cfe2d17885a7988540e3f"
        },
        "pipfile-spec": 6,
        "requires": {
            "python_version": "3.11"
        },
        "sources": [
            {
                "name": "pypi",
                "url": "https://pypi.org/simple",
                "verify_ssl": true
            }
        ]
    },
    "default": {
        "defusedxml": {
            "hashes": [
                "sha256:1bb3032db185915b62d7c6209c5a8792be6a32ab2fedacc84e01b52c51aa3e69",
                "sha256:a352e7e428770286cc899e2542b6cdaedb2b4953ff269a210103ec58f6198a61"
            ],
            "markers": "python_version >= '2.7' and python_version not in '3.0, 3.1, 3.2, 3.3, 3.4'",
            "version": "==0.7.1"
        },
        "fonttools": {
            "hashes": [
                "sha256:01ea3901b0802fc5f9e854f5aeb5bc27770dd9dd24c28df8f74ba90f8b3f5915",
                "sha256:02c41322e5bdcb484b61b776fcea150215c83619b39c96aa0b44d4fd87bb5574",
                "sha256:03c2b50b54e6e8b3564b232e57e8f58be217cf441cf0155745d9e44a76f9c30f",
                "sha256:07636dae94f7fe88561f9da7a46b13d8e3f529f87fdb221b11d85f91eabceeb7",
                "sha256:0f38bfb6b7a39c4162c3eb0820a0bdf8e3bdd125cd54e10ba242397d15e32439",
                "sha256:1e10efc8ee10d6f1fe2931d41bccc90cd4b872f2ee4ff21f2231a2c293b2dbf8",
                "sha256:2232012a1502b2b8ab4c6bc1d3524bfe90238c0c1a50ac94a0a2085aa87a58a5",
                "sha256:243cbfc0b7cb1c307af40e321f8343a48d0a080bc1f9466cf2b5468f776ef108",
                "sha256:285c1ac10c160fbdff6d05358230e66c4f98cbbf271f3ec7eb34e967771543e8",
                "sha256:302e1003a760b222f711d5ba6d1ad7fd5f7f713eb872cd6a3eb44390bc9770af",
                "sha256:332883b6280b9d90d2ba7e9e81be77cf2ace696161e60cdcf40cfcd2b3ed06fa",
                "sha256:3461347016c94cb42b36caa907e11565878c4c2c375604f3651d11dc06d1ab3e",
                "sha256:3d20f152de7625a0008ba1513f126daaaa0de3b4b9030aa72dd5c27294992260",
                "sha256:450c354c04a6e12a3db968e915fe05730f79ff3d39560947ef8ee6eaa2ab2212",
                "sha256:466a78984f0572305c3c48377f4e3f7f4e909f1209f45ef8e7041d5c8a744a56",
                "sha256:4dfae7c94987149bdaa0388e6c937566aa398fa0eec973b17952350a069cff4e",
                "sha256:54d481d456dcd59af25d4a9c56b2c4c3f20e9620b261b84144e5950f33e8df17",
                "sha256:604c805b41241b4880e2dc86cf2d4754c06777371c8299799ac88d836cb18c3b",
                "sha256:63403ee0f2fa4e1de28e539f8c24f2bdca1d8ecb503fa9ea2d231d9f1e729809",
                "sha256:65cb8f97eed7906dcf19bc2736b70c6239e9d7e77aad7c6110ba7239ae082e81",
                "sha256:67df1c3935838fb9e56f227d7f506c9043b149a4a3b667bef17929c7a1114d19",
                "sha256:6b8d7c149d47b47de7ec81763396c8266e5ebe2e0b14aa9c3ccf29e52260ab2f",
                "sha256:708cb17b2590b7f6c6854999df0039ff1140dda9e6f56d67c3599ba6f968fab5",
                "sha256:8abd135e427d88e461a4833c03cf96cfb9028c78c15d58123291f22398e25492",
                "sha256:9164f44add0acec0f12fce682824c040dc52e483bfe3838c37142897150c8364",
                "sha256:95f5a1d4432b3cea6571f5ce4f4e9b25bf36efbd61c32f4f90130a690925d6ee",
                "sha256:9b5f05ef72e846e9f49ccdd74b9da4309901a4248434c63c1ee9321adcb51d65",
                "sha256:9b6fcff4dc755b32faff955d989ee26394ddad3a90ea7d558db17a4633c8390c",
                "sha256:a0fe12f06169af2fdc642d26a8df53e40adc3beedbd6ffedb19f1c5397b63afd",
                "sha256:a19059aa892676822c1f05cb5a67296ecdfeb267fe7c47d4758f3e8e942c2b2a",
                "sha256:a7230f7590f9570d26ee903b6a4540274494e200fae978df0d9325b7b9144529",
                "sha256:acfec948de41cd5e640d5c15d0200e8b8e7c5c6bb82afe1ca095cbc4af1188ee",
                "sha256:b99d4fd2b6d0a00c7336c8363fccc7a11eccef4b17393af75ca6e77cf93ff413",
                "sha256:b9f9fce3c9b2196e162182ec5db8af8eb3acd0d76c2eafe9fdba5f370044e556",
                "sha256:ba45b637da80a262b55b7657aec68da2ac54b8ae7891cd977a5dbe5fd26db429",
                "sha256:bf4b5b3496ddfdd4e57112e77ec51f1ab388d35ac17322c1248addb2eb0d429a",
                "sha256:c96f2506ce1a0beeaa9595f9a8b7446477eb133f40c0e41fc078744c28149f80",
                "sha256:cb121d6dd34625cece32234a5fa0359475bb118838b6b4295ffdb13b935edb04",
                "sha256:ccf8ae02918f431953d338db4d0a675a395faf82bab3a76025582cf32a2f3b7b",
                "sha256:cfe9cf30f391a0f2875247a3e5e44d8dcb61596e5cf89b360cdffec8a80e9961",
                "sha256:d11600f5343092697d7434f3bf77a393c7ae74be206fe30e577b9a195fd53165",
                "sha256:d2248ebfbcea0d0b3cb459d76a9f67f2eadc10ec0d07e9cadab8777d3f016bf2",
                "sha256:d39f0c977639be0f9f5505d4c7c478236737f960c567a35f058649c056e41434",
                "sha256:d5a3ff5bb95fd5a3962b2754f8435e6d930c84fc9e9921c51e802dddf40acd56",
                "sha256:d637e4d33e46619c79d1a6c725f74d71b574cd15fb5bbb9b6f3eba8f28363573",
                "sha256:de78d6d0dbe32561ce059265437021f4746e56073c4799f0f1095828ae7232bd",
                "sha256:e72a7816ff8a759be9ca36ca46934f8ccf4383711ef597d9240306fe1878cb8d",
                "sha256:edcffaeadba9a334c1c3866e275d7dd495465e7dbd296f688901bdbd71758113",
                "sha256:f089e8da0990cfe2d67e81d9cf581ff372b48dc5acf2782701844211cd1f0eb3",
                "sha256:f971aa5f50c22dc4b63a891503624ae2c77330429b34ead32f23c2260c5618cd"
            ],
            "markers": "python_version >= '3.8'",
            "version": "==4.55.8"
        },
        "fpdf2": {
            "hashes": [
                "sha256:3a2c6699c39b23b786fc6ad9fc3de5432e59f6b6383bb9ab4ce1f994a5f3e762",
                "sha256:951e26290d0fc6ab4582b0d0bbacb64716fecef0f2b9223f9178c90ec4321af7"
            ],
            "index": "pypi",
            "markers": "python_version >= '3.7'",
            "version": "==2.8.2"
        },
        "pillow": {
            "hashes": [
                "sha256:015c6e863faa4779251436db398ae75051469f7c903b043a48f078e437656f83",
                "sha256:0a2f91f8a8b367e7a57c6e91cd25af510168091fb89ec5146003e424e1558a96",
                "sha256:11633d58b6ee5733bde153a8dafd25e505ea3d32e261accd388827ee987baf65",
                "sha256:2062ffb1d36544d42fcaa277b069c88b01bb7298f4efa06731a7fd6cc290b81a",
                "sha256:31eba6bbdd27dde97b0174ddf0297d7a9c3a507a8a1480e1e60ef914fe23d352",
                "sha256:3362c6ca227e65c54bf71a5f88b3d4565ff1bcbc63ae72c34b07bbb1cc59a43f",
                "sha256:368da70808b36d73b4b390a8ffac11069f8a5c85f29eff1f1b01bcf3ef5b2a20",
                "sha256:36ba10b9cb413e7c7dfa3e189aba252deee0602c86c309799da5a74009ac7a1c",
                "sha256:3764d53e09cdedd91bee65c2527815d315c6b90d7b8b79759cc48d7bf5d4f114",
                "sha256:3a5fe20a7b66e8135d7fd617b13272626a28278d0e578c98720d9ba4b2439d49",
                "sha256:3cdcdb0b896e981678eee140d882b70092dac83ac1cdf6b3a60e2216a73f2b91",
                "sha256:4637b88343166249fe8aa94e7c4a62a180c4b3898283bb5d3d2fd5fe10d8e4e0",
                "sha256:4db853948ce4e718f2fc775b75c37ba2efb6aaea41a1a5fc57f0af59eee774b2",
                "sha256:4dd43a78897793f60766563969442020e90eb7847463eca901e41ba186a7d4a5",
                "sha256:54251ef02a2309b5eec99d151ebf5c9904b77976c8abdcbce7891ed22df53884",
                "sha256:54ce1c9a16a9561b6d6d8cb30089ab1e5eb66918cb47d457bd996ef34182922e",
                "sha256:593c5fd6be85da83656b93ffcccc2312d2d149d251e98588b14fbc288fd8909c",
                "sha256:5bb94705aea800051a743aa4874bb1397d4695fb0583ba5e425ee0328757f196",
                "sha256:67cd427c68926108778a9005f2a04adbd5e67c442ed21d95389fe1d595458756",
                "sha256:70ca5ef3b3b1c4a0812b5c63c57c23b63e53bc38e758b37a951e5bc466449861",
                "sha256:73ddde795ee9b06257dac5ad42fcb07f3b9b813f8c1f7f870f402f4dc54b5269",
                "sha256:758e9d4ef15d3560214cddbc97b8ef3ef86ce04d62ddac17ad39ba87e89bd3b1",
                "sha256:7d33d2fae0e8b170b6a6c57400e077412240f6f5bb2a342cf1ee512a787942bb",
                "sha256:7fdadc077553621911f27ce206ffcbec7d3f8d7b50e0da39f10997e8e2bb7f6a",
                "sha256:8000376f139d4d38d6851eb149b321a52bb8893a88dae8ee7d95840431977081",
                "sha256:837060a8599b8f5d402e97197d4924f05a2e0d68756998345c829c33186217b1",
                "sha256:89dbdb3e6e9594d512780a5a1c42801879628b38e3efc7038094430844e271d8",
                "sha256:8c730dc3a83e5ac137fbc92dfcfe1511ce3b2b5d7578315b63dbbb76f7f51d90",
                "sha256:8e275ee4cb11c262bd108ab2081f750db2a1c0b8c12c1897f27b160c8bd57bbc",
                "sha256:9044b5e4f7083f209c4e35aa5dd54b1dd5b112b108648f5c902ad586d4f945c5",
                "sha256:93a18841d09bcdd774dcdc308e4537e1f867b3dec059c131fde0327899734aa1",
                "sha256:9409c080586d1f683df3f184f20e36fb647f2e0bc3988094d4fd8c9f4eb1b3b3",
                "sha256:96f82000e12f23e4f29346e42702b6ed9a2f2fea34a740dd5ffffcc8c539eb35",
                "sha256:9aa9aeddeed452b2f616ff5507459e7bab436916ccb10961c4a382cd3e03f47f",
                "sha256:9ee85f0696a17dd28fbcfceb59f9510aa71934b483d1f5601d1030c3c8304f3c",
                "sha256:a07dba04c5e22824816b2615ad7a7484432d7f540e6fa86af60d2de57b0fcee2",
                "sha256:a3cd561ded2cf2bbae44d4605837221b987c216cff94f49dfeed63488bb228d2",
                "sha256:a697cd8ba0383bba3d2d3ada02b34ed268cb548b369943cd349007730c92bddf",
                "sha256:a76da0a31da6fcae4210aa94fd779c65c75786bc9af06289cd1c184451ef7a65",
                "sha256:a85b653980faad27e88b141348707ceeef8a1186f75ecc600c395dcac19f385b",
                "sha256:a8d65b38173085f24bc07f8b6c505cbb7418009fa1a1fcb111b1f4961814a442",
                "sha256:aa8dd43daa836b9a8128dbe7d923423e5ad86f50a7a14dc688194b7be5c0dea2",
                "sha256:ab8a209b8485d3db694fa97a896d96dd6533d63c22829043fd9de627060beade",
                "sha256:abc56501c3fd148d60659aae0af6ddc149660469082859fa7b066a298bde9482",
                "sha256:ad5db5781c774ab9a9b2c4302bbf0c1014960a0a7be63278d13ae6fdf88126fe",
                "sha256:ae98e14432d458fc3de11a77ccb3ae65ddce70f730e7c76140653048c71bfcbc",
                "sha256:b20be51b37a75cc54c2c55def3fa2c65bb94ba859dde241cd0a4fd302de5ae0a",
                "sha256:b523466b1a31d0dcef7c5be1f20b942919b62fd6e9a9be199d035509cbefc0ec",
                "sha256:b5d658fbd9f0d6eea113aea286b21d3cd4d3fd978157cbf2447a6035916506d3",
                "sha256:b6123aa4a59d75f06e9dd3dac5bf8bc9aa383121bb3dd9a7a612e05eabc9961a",
                "sha256:bd165131fd51697e22421d0e467997ad31621b74bfc0b75956608cb2906dda07",
                "sha256:bf902d7413c82a1bfa08b06a070876132a5ae6b2388e2712aab3a7cbc02205c6",
                "sha256:c12fc111ef090845de2bb15009372175d76ac99969bdf31e2ce9b42e4b8cd88f",
                "sha256:c1eec9d950b6fe688edee07138993e54ee4ae634c51443cfb7c1e7613322718e",
                "sha256:c640e5a06869c75994624551f45e5506e4256562ead981cce820d5ab39ae2192",
                "sha256:cc1331b6d5a6e144aeb5e626f4375f5b7ae9934ba620c0ac6b3e43d5e683a0f0",
                "sha256:cfd5cd998c2e36a862d0e27b2df63237e67273f2fc78f47445b14e73a810e7e6",
                "sha256:d3d8da4a631471dfaf94c10c85f5277b1f8e42ac42bade1ac67da4b4a7359b73",
                "sha256:d44ff19eea13ae4acdaaab0179fa68c0c6f2f45d66a4d8ec1eda7d6cecbcc15f",
                "sha256:dd0052e9db3474df30433f83a71b9b23bd9e4ef1de13d92df21a52c0303b8ab6",
                "sha256:dd0e081319328928531df7a0e63621caf67652c8464303fd102141b785ef9547",
                "sha256:dda60aa465b861324e65a78c9f5cf0f4bc713e4309f83bc387be158b077963d9",
                "sha256:e06695e0326d05b06833b40b7ef477e475d0b1ba3a6d27da1bb48c23209bf457",
                "sha256:e1abe69aca89514737465752b4bcaf8016de61b3be1397a8fc260ba33321b3a8",
                "sha256:e267b0ed063341f3e60acd25c05200df4193e15a4a5807075cd71225a2386e26",
                "sha256:e5449ca63da169a2e6068dd0e2fcc8d91f9558aba89ff6d02121ca8ab11e79e5",
                "sha256:e63e4e5081de46517099dc30abe418122f54531a6ae2ebc8680bcd7096860eab",
                "sha256:f189805c8be5ca5add39e6f899e6ce2ed824e65fb45f3c28cb2841911da19070",
                "sha256:f7955ecf5609dee9442cbface754f2c6e541d9e6eda87fad7f7a989b0bdb9d71",
                "sha256:f86d3a7a9af5d826744fabf4afd15b9dfef44fe69a98541f666f66fbb8d3fef9",
                "sha256:fbd43429d0d7ed6533b25fc993861b8fd512c42d04514a0dd6337fb3ccf22761"
            ],
            "markers": "python_version >= '3.9'",
            "version": "==11.1.0"
        }
    },
    "develop": {}
}
